github.com/Nik-U/pbc v0.0.0-20181205041846-3e516ca0c5d6 h1:GU/vL5sj0IgGYEOIIAJ1HDI9dgqT0gJXkhXINri7Otc=
github.com/Nik-U/pbc v0.0.0-20181205041846-3e516ca0c5d6/go.mod h1:Zt2U1SemYWNGXqS1fDiZC7u74nsJTAnWK5WVgvI8OAs=
gitlab.com/elktree/ecc v0.0.0-20190314182556-d86af7b58391 h1:inycth+vhzFRzneSzeyTUeQ+SwCurvfJFMI1yMv9h/I=
gitlab.com/elktree/ecc v0.0.0-20190314182556-d86af7b58391/go.mod h1:z7v7k1juHHgicO70phC51ii1JU5mV8msN7w3QbLl39o=
